
Microsoft Visual Studio Solution File, Format Version 12.00
# Visual Studio Version 17
VisualStudioVersion = 17.0.31903.59
MinimumVisualStudioVersion = 10.0.40219.1
Project("{FAE04EC0-301F-11D3-BF4B-00C04F79EFBC}") = "SampleApp_LogRequestResponseInAppInsight", "SampleApp_LogRequestResponseInAppInsight.csproj", "{968DEC29-1E26-4099-A253-E48F7B81C13B}"
EndProject
Global
	GlobalSection(SolutionConfigurationPlatforms) = preSolution
		Debug|Any CPU = Debug|Any CPU
		Release|Any CPU = Release|Any CPU
	EndGlobalSection
	GlobalSection(ProjectConfigurationPlatforms) = postSolution
		{968DEC29-1E26-4099-A253-E48F7B81C13B}.Debug|Any CPU.ActiveCfg = Debug|Any CPU
		{968DEC29-1E26-4099-A253-E48F7B81C13B}.Debug|Any CPU.Build.0 = Debug|Any CPU
		{968DEC29-1E26-4099-A253-E48F7B81C13B}.Release|Any CPU.ActiveCfg = Release|Any CPU
		{968DEC29-1E26-4099-A253-E48F7B81C13B}.Release|Any CPU.Build.0 = Release|Any CPU
	EndGlobalSection
	GlobalSection(SolutionProperties) = preSolution
		HideSolutionNode = FALSE
	EndGlobalSection
	GlobalSection(ExtensibilityGlobals) = postSolution
		SolutionGuid = {68CE6B4C-E0EF-4DD0-85A0-8A968DD6B3FB}
	EndGlobalSection
EndGlobal
